
Microsoft Visual Studio Solution File, Format Version 12.00
# Visual Studio Version 17
VisualStudioVersion = 17.7.34031.279
MinimumVisualStudioVersion = 10.0.40219.1
Project("{9A19103F-16F7-4668-BE54-9A1E7A4F7556}") = "InformBez", "InformBez.csproj", "{EF19B7E3-0174-436C-BBD0-2A142073BB47}"
EndProject
Global
	GlobalSection(SolutionConfigurationPlatforms) = preSolution
		Debug|Any CPU = Debug|Any CPU
		Release|Any CPU = Release|Any CPU
	EndGlobalSection
	GlobalSection(ProjectConfigurationPlatforms) = postSolution
		{EF19B7E3-0174-436C-BBD0-2A142073BB47}.Debug|Any CPU.ActiveCfg = Debug|Any CPU
		{EF19B7E3-0174-436C-BBD0-2A142073BB47}.Debug|Any CPU.Build.0 = Debug|Any CPU
		{EF19B7E3-0174-436C-BBD0-2A142073BB47}.Debug|Any CPU.Deploy.0 = Debug|Any CPU
		{EF19B7E3-0174-436C-BBD0-2A142073BB47}.Release|Any CPU.ActiveCfg = Release|Any CPU
		{EF19B7E3-0174-436C-BBD0-2A142073BB47}.Release|Any CPU.Build.0 = Release|Any CPU
		{EF19B7E3-0174-436C-BBD0-2A142073BB47}.Release|Any CPU.Deploy.0 = Release|Any CPU
	EndGlobalSection
	GlobalSection(SolutionProperties) = preSolution
		HideSolutionNode = FALSE
	EndGlobalSection
	GlobalSection(ExtensibilityGlobals) = postSolution
		SolutionGuid = {7EAC0709-EC19-4FEA-A698-8808B602C8B1}
	EndGlobalSection
EndGlobal
